
Microsoft Visual Studio Solution File, Format Version 12.00
# Visual Studio Version 16
VisualStudioVersion = 16.0.30907.101
MinimumVisualStudioVersion = 10.0.40219.1
Project("{FAE04EC0-301F-11D3-BF4B-00C04F79EFBC}") = "BigNumbers", "BigNumbers\BigNumbers.csproj", "{7970FDBA-1A6C-48EB-96AD-4AA81EEB4FC2}"
EndProject
Project("{FAE04EC0-301F-11D3-BF4B-00C04F79EFBC}") = "UnitTests", "UnitTests\UnitTests.csproj", "{638BF8EA-2271-4484-8869-AC236076F785}"
EndProject
Global
	GlobalSection(SolutionConfigurationPlatforms) = preSolution
		Debug|Any CPU = Debug|Any CPU
		Release|Any CPU = Release|Any CPU
	EndGlobalSection
	GlobalSection(ProjectConfigurationPlatforms) = postSolution
		{7970FDBA-1A6C-48EB-96AD-4AA81EEB4FC2}.Debug|Any CPU.ActiveCfg = Debug|Any CPU
		{7970FDBA-1A6C-48EB-96AD-4AA81EEB4FC2}.Debug|Any CPU.Build.0 = Debug|Any CPU
		{7970FDBA-1A6C-48EB-96AD-4AA81EEB4FC2}.Release|Any CPU.ActiveCfg = Release|Any CPU
		{7970FDBA-1A6C-48EB-96AD-4AA81EEB4FC2}.Release|Any CPU.Build.0 = Release|Any CPU
		{638BF8EA-2271-4484-8869-AC236076F785}.Debug|Any CPU.ActiveCfg = Debug|Any CPU
		{638BF8EA-2271-4484-8869-AC236076F785}.Debug|Any CPU.Build.0 = Debug|Any CPU
		{638BF8EA-2271-4484-8869-AC236076F785}.Release|Any CPU.ActiveCfg = Release|Any CPU
		{638BF8EA-2271-4484-8869-AC236076F785}.Release|Any CPU.Build.0 = Release|Any CPU
	EndGlobalSection
	GlobalSection(SolutionProperties) = preSolution
		HideSolutionNode = FALSE
	EndGlobalSection
	GlobalSection(ExtensibilityGlobals) = postSolution
		SolutionGuid = {26914A09-D429-4872-ABE0-3C3A472055D5}
	EndGlobalSection
EndGlobal
